
Microsoft Visual Studio Solution File, Format Version 12.00
# Visual Studio 14
VisualStudioVersion = 14.0.25123.0
MinimumVisualStudioVersion = 10.0.40219.1
Project("{FAE04EC0-301F-11D3-BF4B-00C04F79EFBC}") = "BookStore.Entities", "BookStore.Entities\BookStore.Entities.csproj", "{7D851288-1F3B-4F07-8368-ACFA694A9855}"
EndProject
Project("{FAE04EC0-301F-11D3-BF4B-00C04F79EFBC}") = "BookStore.MVC", "BookStore.MVC\BookStore.MVC.csproj", "{57CEB14E-5B76-49B5-AC71-1CA8DA023621}"
EndProject
Global
	GlobalSection(SolutionConfigurationPlatforms) = preSolution
		Debug|Any CPU = Debug|Any CPU
		Release|Any CPU = Release|Any CPU
	EndGlobalSection
	GlobalSection(ProjectConfigurationPlatforms) = postSolution
		{7D851288-1F3B-4F07-8368-ACFA694A9855}.Debug|Any CPU.ActiveCfg = Debug|Any CPU
		{7D851288-1F3B-4F07-8368-ACFA694A9855}.Debug|Any CPU.Build.0 = Debug|Any CPU
		{7D851288-1F3B-4F07-8368-ACFA694A9855}.Release|Any CPU.ActiveCfg = Release|Any CPU
		{7D851288-1F3B-4F07-8368-ACFA694A9855}.Release|Any CPU.Build.0 = Release|Any CPU
		{57CEB14E-5B76-49B5-AC71-1CA8DA023621}.Debug|Any CPU.ActiveCfg = Debug|Any CPU
		{57CEB14E-5B76-49B5-AC71-1CA8DA023621}.Debug|Any CPU.Build.0 = Debug|Any CPU
		{57CEB14E-5B76-49B5-AC71-1CA8DA023621}.Release|Any CPU.ActiveCfg = Release|Any CPU
		{57CEB14E-5B76-49B5-AC71-1CA8DA023621}.Release|Any CPU.Build.0 = Release|Any CPU
	EndGlobalSection
	GlobalSection(SolutionProperties) = preSolution
		HideSolutionNode = FALSE
	EndGlobalSection
EndGlobal
